// !$*UTF8*$!
{
	archiveVersion = 1;
	classes = {
	};
	objectVersion = 56;
	objects = {

/* Begin PBXBuildFile section */
		BA1518C02C9326DF00E74E51 /* HGeo.swift in Sources */ = {isa = PBXBuildFile; fileRef = BA1518BF2C9326DF00E74E51 /* HGeo.swift */; };
		BA1518C12C9326DF00E74E51 /* HGeo.swift in Sources */ = {isa = PBXBuildFile; fileRef = BA1518BF2C9326DF00E74E51 /* HGeo.swift */; };
		BA1518C22C9326DF00E74E51 /* HGeo.swift in Sources */ = {isa = PBXBuildFile; fileRef = BA1518BF2C9326DF00E74E51 /* HGeo.swift */; };
		BA1518C52C932D0E00E74E51 /* Router.swift in Sources */ = {isa = PBXBuildFile; fileRef = BA1518C42C932D0E00E74E51 /* Router.swift */; };
		BA1518C62C932D0E00E74E51 /* Router.swift in Sources */ = {isa = PBXBuildFile; fileRef = BA1518C42C932D0E00E74E51 /* Router.swift */; };
		BA1518C72C932D0E00E74E51 /* Router.swift in Sources */ = {isa = PBXBuildFile; fileRef = BA1518C42C932D0E00E74E51 /* Router.swift */; };
		BA4304802C93F0A00081F012 /* Nav.swift in Sources */ = {isa = PBXBuildFile; fileRef = BA43047F2C93F0A00081F012 /* Nav.swift */; };
		BA43048E2C93F20B0081F012 /* Nav.swift in Sources */ = {isa = PBXBuildFile; fileRef = BA43047F2C93F0A00081F012 /* Nav.swift */; };
		BA4EC7F02C98265300691EB5 /* NavUITests.swift in Sources */ = {isa = PBXBuildFile; fileRef = BA4EC7EF2C98265300691EB5 /* NavUITests.swift */; };
		BA4EC7F22C98265300691EB5 /* NavUITestsLaunchTests.swift in Sources */ = {isa = PBXBuildFile; fileRef = BA4EC7F12C98265300691EB5 /* NavUITestsLaunchTests.swift */; };
		BA8AF1952C93D74700EAB6EE /* TodoListView.swift in Sources */ = {isa = PBXBuildFile; fileRef = BA8AF1942C93D74700EAB6EE /* TodoListView.swift */; };
		BAC44C002C9295760022DCA9 /* swift_playgroundApp.swift in Sources */ = {isa = PBXBuildFile; fileRef = BAC44BFF2C9295760022DCA9 /* swift_playgroundApp.swift */; };
		BAC44C022C9295760022DCA9 /* ContentView.swift in Sources */ = {isa = PBXBuildFile; fileRef = BAC44C012C9295760022DCA9 /* ContentView.swift */; };
		BAC44C042C9295790022DCA9 /* Assets.xcassets in Resources */ = {isa = PBXBuildFile; fileRef = BAC44C032C9295790022DCA9 /* Assets.xcassets */; };
		BAC44C072C9295790022DCA9 /* Preview Assets.xcassets in Resources */ = {isa = PBXBuildFile; fileRef = BAC44C062C9295790022DCA9 /* Preview Assets.xcassets */; };
		BAC44C112C9295790022DCA9 /* swift_playgroundTests.swift in Sources */ = {isa = PBXBuildFile; fileRef = BAC44C102C9295790022DCA9 /* swift_playgroundTests.swift */; };
		BAC44C1B2C9295790022DCA9 /* swift_playgroundUITests.swift in Sources */ = {isa = PBXBuildFile; fileRef = BAC44C1A2C9295790022DCA9 /* swift_playgroundUITests.swift */; };
		BAC44C1D2C9295790022DCA9 /* swift_playgroundUITestsLaunchTests.swift in Sources */ = {isa = PBXBuildFile; fileRef = BAC44C1C2C9295790022DCA9 /* swift_playgroundUITestsLaunchTests.swift */; };
/* End PBXBuildFile section */

/* Begin PBXContainerItemProxy section */
		BA4304892C93F1700081F012 /* PBXContainerItemProxy */ = {
			isa = PBXContainerItemProxy;
			containerPortal = BAC44BF42C9295760022DCA9 /* Project object */;
			proxyType = 1;
			remoteGlobalIDString = BAC44BFB2C9295760022DCA9;
			remoteInfo = swift_playground;
		};
		BA4EC7E42C9825AE00691EB5 /* PBXContainerItemProxy */ = {
			isa = PBXContainerItemProxy;
			containerPortal = BAC44BF42C9295760022DCA9 /* Project object */;
			proxyType = 1;
			remoteGlobalIDString = BAC44BFB2C9295760022DCA9;
			remoteInfo = swift_playground;
		};
		BA4EC7F32C98265300691EB5 /* PBXContainerItemProxy */ = {
			isa = PBXContainerItemProxy;
			containerPortal = BAC44BF42C9295760022DCA9 /* Project object */;
			proxyType = 1;
			remoteGlobalIDString = BAC44BFB2C9295760022DCA9;
			remoteInfo = swift_playground;
		};
		BAC44C0D2C9295790022DCA9 /* PBXContainerItemProxy */ = {
			isa = PBXContainerItemProxy;
			containerPortal = BAC44BF42C9295760022DCA9 /* Project object */;
			proxyType = 1;
			remoteGlobalIDString = BAC44BFB2C9295760022DCA9;
			remoteInfo = swift_playground;
		};
		BAC44C172C9295790022DCA9 /* PBXContainerItemProxy */ = {
			isa = PBXContainerItemProxy;
			containerPortal = BAC44BF42C9295760022DCA9 /* Project object */;
			proxyType = 1;
			remoteGlobalIDString = BAC44BFB2C9295760022DCA9;
			remoteInfo = swift_playground;
		};
/* End PBXContainerItemProxy section */

/* Begin PBXFileReference section */
		BA1518BF2C9326DF00E74E51 /* HGeo.swift */ = {isa = PBXFileReference; lastKnownFileType = sourcecode.swift; path = HGeo.swift; sourceTree = "<group>"; };
		BA1518C42C932D0E00E74E51 /* Router.swift */ = {isa = PBXFileReference; lastKnownFileType = sourcecode.swift; path = Router.swift; sourceTree = "<group>"; };
		BA43047F2C93F0A00081F012 /* Nav.swift */ = {isa = PBXFileReference; lastKnownFileType = sourcecode.swift; path = Nav.swift; sourceTree = "<group>"; };
		BA4304852C93F1700081F012 /* BTCtoUSDTests.xctest */ = {isa = PBXFileReference; explicitFileType = wrapper.cfbundle; includeInIndex = 0; path = BTCtoUSDTests.xctest; sourceTree = BUILT_PRODUCTS_DIR; };
		BA4EC7DE2C9825AD00691EB5 /* BtcUITests.xctest */ = {isa = PBXFileReference; explicitFileType = wrapper.cfbundle; includeInIndex = 0; path = BtcUITests.xctest; sourceTree = BUILT_PRODUCTS_DIR; };
		BA4EC7ED2C98265300691EB5 /* NavUITests.xctest */ = {isa = PBXFileReference; explicitFileType = wrapper.cfbundle; includeInIndex = 0; path = NavUITests.xctest; sourceTree = BUILT_PRODUCTS_DIR; };
		BA4EC7EF2C98265300691EB5 /* NavUITests.swift */ = {isa = PBXFileReference; lastKnownFileType = sourcecode.swift; path = NavUITests.swift; sourceTree = "<group>"; };
		BA4EC7F12C98265300691EB5 /* NavUITestsLaunchTests.swift */ = {isa = PBXFileReference; lastKnownFileType = sourcecode.swift; path = NavUITestsLaunchTests.swift; sourceTree = "<group>"; };
		BA8AF1942C93D74700EAB6EE /* TodoListView.swift */ = {isa = PBXFileReference; lastKnownFileType = sourcecode.swift; path = TodoListView.swift; sourceTree = "<group>"; };
		BAC44BFC2C9295760022DCA9 /* swift_playground.app */ = {isa = PBXFileReference; explicitFileType = wrapper.application; includeInIndex = 0; path = swift_playground.app; sourceTree = BUILT_PRODUCTS_DIR; };
		BAC44BFF2C9295760022DCA9 /* swift_playgroundApp.swift */ = {isa = PBXFileReference; lastKnownFileType = sourcecode.swift; path = swift_playgroundApp.swift; sourceTree = "<group>"; };
		BAC44C012C9295760022DCA9 /* ContentView.swift */ = {isa = PBXFileReference; lastKnownFileType = sourcecode.swift; path = ContentView.swift; sourceTree = "<group>"; };
		BAC44C032C9295790022DCA9 /* Assets.xcassets */ = {isa = PBXFileReference; lastKnownFileType = folder.assetcatalog; path = Assets.xcassets; sourceTree = "<group>"; };
		BAC44C062C9295790022DCA9 /* Preview Assets.xcassets */ = {isa = PBXFileReference; lastKnownFileType = folder.assetcatalog; path = "Preview Assets.xcassets"; sourceTree = "<group>"; };
		BAC44C0C2C9295790022DCA9 /* swift_playgroundTests.xctest */ = {isa = PBXFileReference; explicitFileType = wrapper.cfbundle; includeInIndex = 0; path = swift_playgroundTests.xctest; sourceTree = BUILT_PRODUCTS_DIR; };
		BAC44C102C9295790022DCA9 /* swift_playgroundTests.swift */ = {isa = PBXFileReference; lastKnownFileType = sourcecode.swift; path = swift_playgroundTests.swift; sourceTree = "<group>"; };
		BAC44C162C9295790022DCA9 /* swift_playgroundUITests.xctest */ = {isa = PBXFileReference; explicitFileType = wrapper.cfbundle; includeInIndex = 0; path = swift_playgroundUITests.xctest; sourceTree = BUILT_PRODUCTS_DIR; };
		BAC44C1A2C9295790022DCA9 /* swift_playgroundUITests.swift */ = {isa = PBXFileReference; lastKnownFileType = sourcecode.swift; path = swift_playgroundUITests.swift; sourceTree = "<group>"; };
		BAC44C1C2C9295790022DCA9 /* swift_playgroundUITestsLaunchTests.swift */ = {isa = PBXFileReference; lastKnownFileType = sourcecode.swift; path = swift_playgroundUITestsLaunchTests.swift; sourceTree = "<group>"; };
/* End PBXFileReference section */

/* Begin PBXFrameworksBuildPhase section */
		BA4304822C93F1700081F012 /* Frameworks */ = {
			isa = PBXFrameworksBuildPhase;
			buildActionMask = 2147483647;
			files = (
			);
			runOnlyForDeploymentPostprocessing = 0;
		};
		BA4EC7DB2C9825AD00691EB5 /* Frameworks */ = {
			isa = PBXFrameworksBuildPhase;
			buildActionMask = 2147483647;
			files = (
			);
			runOnlyForDeploymentPostprocessing = 0;
		};
		BA4EC7EA2C98265300691EB5 /* Frameworks */ = {
			isa = PBXFrameworksBuildPhase;
			buildActionMask = 2147483647;
			files = (
			);
			runOnlyForDeploymentPostprocessing = 0;
		};
		BAC44BF92C9295760022DCA9 /* Frameworks */ = {
			isa = PBXFrameworksBuildPhase;
			buildActionMask = 2147483647;
			files = (
			);
			runOnlyForDeploymentPostprocessing = 0;
		};
		BAC44C092C9295790022DCA9 /* Frameworks */ = {
			isa = PBXFrameworksBuildPhase;
			buildActionMask = 2147483647;
			files = (
			);
			runOnlyForDeploymentPostprocessing = 0;
		};
		BAC44C132C9295790022DCA9 /* Frameworks */ = {
			isa = PBXFrameworksBuildPhase;
			buildActionMask = 2147483647;
			files = (
			);
			runOnlyForDeploymentPostprocessing = 0;
		};
/* End PBXFrameworksBuildPhase section */

/* Begin PBXGroup section */
		BA1518BD2C93268100E74E51 /* LAYOUT */ = {
			isa = PBXGroup;
			children = (
				BA1518BF2C9326DF00E74E51 /* HGeo.swift */,
			);
			path = LAYOUT;
			sourceTree = "<group>";
		};
		BA1518BE2C93269600E74E51 /* COMPONENT */ = {
			isa = PBXGroup;
			children = (
			);
			path = COMPONENT;
			sourceTree = "<group>";
		};
		BA1518C32C932D0800E74E51 /* NAVIGATION */ = {
			isa = PBXGroup;
			children = (
				BA1518C42C932D0E00E74E51 /* Router.swift */,
			);
			path = NAVIGATION;
			sourceTree = "<group>";
		};
		BA1518C82C932D2800E74E51 /* TEST */ = {
			isa = PBXGroup;
			children = (
				BA43047F2C93F0A00081F012 /* Nav.swift */,
			);
			path = TEST;
			sourceTree = "<group>";
		};
		BA43047E2C93EF9E0081F012 /* UI */ = {
			isa = PBXGroup;
			children = (
				BA8AF1942C93D74700EAB6EE /* TodoListView.swift */,
			);
			name = UI;
			sourceTree = "<group>";
		};
		BA4EC7EE2C98265300691EB5 /* NavUITests */ = {
			isa = PBXGroup;
			children = (
				BA4EC7EF2C98265300691EB5 /* NavUITests.swift */,
				BA4EC7F12C98265300691EB5 /* NavUITestsLaunchTests.swift */,
			);
			path = NavUITests;
			sourceTree = "<group>";
		};
		BA7FC6F62C94673A0019E65A /* NETWORK */ = {
			isa = PBXGroup;
			children = (
			);
			path = NETWORK;
			sourceTree = "<group>";
		};
		BAC44BF32C9295760022DCA9 = {
			isa = PBXGroup;
			children = (
				BAC44BFE2C9295760022DCA9 /* swift_playground */,
				BAC44C0F2C9295790022DCA9 /* swift_playgroundTests */,
				BAC44C192C9295790022DCA9 /* swift_playgroundUITests */,
				BA4EC7EE2C98265300691EB5 /* NavUITests */,
				BAC44BFD2C9295760022DCA9 /* Products */,
			);
			sourceTree = "<group>";
		};
		BAC44BFD2C9295760022DCA9 /* Products */ = {
			isa = PBXGroup;
			children = (
				BAC44BFC2C9295760022DCA9 /* swift_playground.app */,
				BAC44C0C2C9295790022DCA9 /* swift_playgroundTests.xctest */,
				BAC44C162C9295790022DCA9 /* swift_playgroundUITests.xctest */,
				BA4304852C93F1700081F012 /* BTCtoUSDTests.xctest */,
				BA4EC7DE2C9825AD00691EB5 /* BtcUITests.xctest */,
				BA4EC7ED2C98265300691EB5 /* NavUITests.xctest */,
			);
			name = Products;
			sourceTree = "<group>";
		};
		BAC44BFE2C9295760022DCA9 /* swift_playground */ = {
			isa = PBXGroup;
			children = (
				BAC44C292C92ADA90022DCA9 /* SWIFTUI */,
				BAC44BFF2C9295760022DCA9 /* swift_playgroundApp.swift */,
				BAC44C012C9295760022DCA9 /* ContentView.swift */,
				BAC44C032C9295790022DCA9 /* Assets.xcassets */,
				BAC44C052C9295790022DCA9 /* Preview Content */,
			);
			path = swift_playground;
			sourceTree = "<group>";
		};
		BAC44C052C9295790022DCA9 /* Preview Content */ = {
			isa = PBXGroup;
			children = (
				BAC44C062C9295790022DCA9 /* Preview Assets.xcassets */,
			);
			path = "Preview Content";
			sourceTree = "<group>";
		};
		BAC44C0F2C9295790022DCA9 /* swift_playgroundTests */ = {
			isa = PBXGroup;
			children = (
				BAC44C102C9295790022DCA9 /* swift_playgroundTests.swift */,
			);
			path = swift_playgroundTests;
			sourceTree = "<group>";
		};
		BAC44C192C9295790022DCA9 /* swift_playgroundUITests */ = {
			isa = PBXGroup;
			children = (
				BAC44C1A2C9295790022DCA9 /* swift_playgroundUITests.swift */,
				BAC44C1C2C9295790022DCA9 /* swift_playgroundUITestsLaunchTests.swift */,
			);
			path = swift_playgroundUITests;
			sourceTree = "<group>";
		};
		BAC44C292C92ADA90022DCA9 /* SWIFTUI */ = {
			isa = PBXGroup;
			children = (
				BA7FC6F62C94673A0019E65A /* NETWORK */,
				BA43047E2C93EF9E0081F012 /* UI */,
				BA1518C82C932D2800E74E51 /* TEST */,
				BA1518C32C932D0800E74E51 /* NAVIGATION */,
				BA1518BE2C93269600E74E51 /* COMPONENT */,
				BA1518BD2C93268100E74E51 /* LAYOUT */,
				BAC44C2A2C92ADAE0022DCA9 /* STATE */,
			);
			path = SWIFTUI;
			sourceTree = "<group>";
		};
		BAC44C2A2C92ADAE0022DCA9 /* STATE */ = {
			isa = PBXGroup;
			children = (
			);
			path = STATE;
			sourceTree = "<group>";
		};
/* End PBXGroup section */

/* Begin PBXNativeTarget section */
		BA4304842C93F1700081F012 /* BTCtoUSDTests */ = {
			isa = PBXNativeTarget;
			buildConfigurationList = BA43048B2C93F1700081F012 /* Build configuration list for PBXNativeTarget "BTCtoUSDTests" */;
			buildPhases = (
				BA4304812C93F1700081F012 /* Sources */,
				BA4304822C93F1700081F012 /* Frameworks */,
				BA4304832C93F1700081F012 /* Resources */,
			);
			buildRules = (
			);
			dependencies = (
				BA43048A2C93F1700081F012 /* PBXTargetDependency */,
			);
			name = BTCtoUSDTests;
			productName = BTCtoUSDTests;
			productReference = BA4304852C93F1700081F012 /* BTCtoUSDTests.xctest */;
			productType = "com.apple.product-type.bundle.unit-test";
		};
		BA4EC7DD2C9825AD00691EB5 /* BtcUITests */ = {
			isa = PBXNativeTarget;
			buildConfigurationList = BA4EC7E82C9825AE00691EB5 /* Build configuration list for PBXNativeTarget "BtcUITests" */;
			buildPhases = (
				BA4EC7DA2C9825AD00691EB5 /* Sources */,
				BA4EC7DB2C9825AD00691EB5 /* Frameworks */,
				BA4EC7DC2C9825AD00691EB5 /* Resources */,
			);
			buildRules = (
			);
			dependencies = (
				BA4EC7E52C9825AE00691EB5 /* PBXTargetDependency */,
			);
			name = BtcUITests;
			productName = BtcUITests;
			productReference = BA4EC7DE2C9825AD00691EB5 /* BtcUITests.xctest */;
			productType = "com.apple.product-type.bundle.ui-testing";
		};
		BA4EC7EC2C98265300691EB5 /* NavUITests */ = {
			isa = PBXNativeTarget;
			buildConfigurationList = BA4EC7F52C98265300691EB5 /* Build configuration list for PBXNativeTarget "NavUITests" */;
			buildPhases = (
				BA4EC7E92C98265300691EB5 /* Sources */,
				BA4EC7EA2C98265300691EB5 /* Frameworks */,
				BA4EC7EB2C98265300691EB5 /* Resources */,
			);
			buildRules = (
			);
			dependencies = (
				BA4EC7F42C98265300691EB5 /* PBXTargetDependency */,
			);
			name = NavUITests;
			productName = NavUITests;
			productReference = BA4EC7ED2C98265300691EB5 /* NavUITests.xctest */;
			productType = "com.apple.product-type.bundle.ui-testing";
		};
		BAC44BFB2C9295760022DCA9 /* swift_playground */ = {
			isa = PBXNativeTarget;
			buildConfigurationList = BAC44C202C9295790022DCA9 /* Build configuration list for PBXNativeTarget "swift_playground" */;
			buildPhases = (
				BAC44BF82C9295760022DCA9 /* Sources */,
				BAC44BF92C9295760022DCA9 /* Frameworks */,
				BAC44BFA2C9295760022DCA9 /* Resources */,
			);
			buildRules = (
			);
			dependencies = (
			);
			name = swift_playground;
			productName = swift_playground;
			productReference = BAC44BFC2C9295760022DCA9 /* swift_playground.app */;
			productType = "com.apple.product-type.application";
		};
		BAC44C0B2C9295790022DCA9 /* swift_playgroundTests */ = {
			isa = PBXNativeTarget;
			buildConfigurationList = BAC44C232C9295790022DCA9 /* Build configuration list for PBXNativeTarget "swift_playgroundTests" */;
			buildPhases = (
				BAC44C082C9295790022DCA9 /* Sources */,
				BAC44C092C9295790022DCA9 /* Frameworks */,
				BAC44C0A2C9295790022DCA9 /* Resources */,
			);
			buildRules = (
			);
			dependencies = (
				BAC44C0E2C9295790022DCA9 /* PBXTargetDependency */,
			);
			name = swift_playgroundTests;
			productName = swift_playgroundTests;
			productReference = BAC44C0C2C9295790022DCA9 /* swift_playgroundTests.xctest */;
			productType = "com.apple.product-type.bundle.unit-test";
		};
		BAC44C152C9295790022DCA9 /* swift_playgroundUITests */ = {
			isa = PBXNativeTarget;
			buildConfigurationList = BAC44C262C9295790022DCA9 /* Build configuration list for PBXNativeTarget "swift_playgroundUITests" */;
			buildPhases = (
				BAC44C122C9295790022DCA9 /* Sources */,
				BAC44C132C9295790022DCA9 /* Frameworks */,
				BAC44C142C9295790022DCA9 /* Resources */,
			);
			buildRules = (
			);
			dependencies = (
				BAC44C182C9295790022DCA9 /* PBXTargetDependency */,
			);
			name = swift_playgroundUITests;
			productName = swift_playgroundUITests;
			productReference = BAC44C162C9295790022DCA9 /* swift_playgroundUITests.xctest */;
			productType = "com.apple.product-type.bundle.ui-testing";
		};
/* End PBXNativeTarget section */

/* Begin PBXProject section */
		BAC44BF42C9295760022DCA9 /* Project object */ = {
			isa = PBXProject;
			attributes = {
				BuildIndependentTargetsInParallel = 1;
				LastSwiftUpdateCheck = 1540;
				LastUpgradeCheck = 1540;
				TargetAttributes = {
					BA4304842C93F1700081F012 = {
						CreatedOnToolsVersion = 15.4;
						TestTargetID = BAC44BFB2C9295760022DCA9;
					};
					BA4EC7DD2C9825AD00691EB5 = {
						CreatedOnToolsVersion = 15.4;
						TestTargetID = BAC44BFB2C9295760022DCA9;
					};
					BA4EC7EC2C98265300691EB5 = {
						CreatedOnToolsVersion = 15.4;
						TestTargetID = BAC44BFB2C9295760022DCA9;
					};
					BAC44BFB2C9295760022DCA9 = {
						CreatedOnToolsVersion = 15.4;
					};
					BAC44C0B2C9295790022DCA9 = {
						CreatedOnToolsVersion = 15.4;
						TestTargetID = BAC44BFB2C9295760022DCA9;
					};
					BAC44C152C9295790022DCA9 = {
						CreatedOnToolsVersion = 15.4;
						TestTargetID = BAC44BFB2C9295760022DCA9;
					};
				};
			};
			buildConfigurationList = BAC44BF72C9295760022DCA9 /* Build configuration list for PBXProject "swift_playground" */;
			compatibilityVersion = "Xcode 14.0";
			developmentRegion = en;
			hasScannedForEncodings = 0;
			knownRegions = (
				en,
				Base,
			);
			mainGroup = BAC44BF32C9295760022DCA9;
			productRefGroup = BAC44BFD2C9295760022DCA9 /* Products */;
			projectDirPath = "";
			projectRoot = "";
			targets = (
				BAC44BFB2C9295760022DCA9 /* swift_playground */,
				BAC44C0B2C9295790022DCA9 /* swift_playgroundTests */,
				BAC44C152C9295790022DCA9 /* swift_playgroundUITests */,
				BA4304842C93F1700081F012 /* BTCtoUSDTests */,
				BA4EC7DD2C9825AD00691EB5 /* BtcUITests */,
				BA4EC7EC2C98265300691EB5 /* NavUITests */,
			);
		};
/* End PBXProject section */

/* Begin PBXResourcesBuildPhase section */
		BA4304832C93F1700081F012 /* Resources */ = {
			isa = PBXResourcesBuildPhase;
			buildActionMask = 2147483647;
			files = (
			);
			runOnlyForDeploymentPostprocessing = 0;
		};
		BA4EC7DC2C9825AD00691EB5 /* Resources */ = {
			isa = PBXResourcesBuildPhase;
			buildActionMask = 2147483647;
			files = (
			);
			runOnlyForDeploymentPostprocessing = 0;
		};
		BA4EC7EB2C98265300691EB5 /* Resources */ = {
			isa = PBXResourcesBuildPhase;
			buildActionMask = 2147483647;
			files = (
			);
			runOnlyForDeploymentPostprocessing = 0;
		};
		BAC44BFA2C9295760022DCA9 /* Resources */ = {
			isa = PBXResourcesBuildPhase;
			buildActionMask = 2147483647;
			files = (
				BAC44C072C9295790022DCA9 /* Preview Assets.xcassets in Resources */,
				BAC44C042C9295790022DCA9 /* Assets.xcassets in Resources */,
			);
			runOnlyForDeploymentPostprocessing = 0;
		};
		BAC44C0A2C9295790022DCA9 /* Resources */ = {
			isa = PBXResourcesBuildPhase;
			buildActionMask = 2147483647;
			files = (
			);
			runOnlyForDeploymentPostprocessing = 0;
		};
		BAC44C142C9295790022DCA9 /* Resources */ = {
			isa = PBXResourcesBuildPhase;
			buildActionMask = 2147483647;
			files = (
			);
			runOnlyForDeploymentPostprocessing = 0;
		};
/* End PBXResourcesBuildPhase section */

/* Begin PBXSourcesBuildPhase section */
		BA4304812C93F1700081F012 /* Sources */ = {
			isa = PBXSourcesBuildPhase;
			buildActionMask = 2147483647;
			files = (
				BA43048E2C93F20B0081F012 /* Nav.swift in Sources */,
			);
			runOnlyForDeploymentPostprocessing = 0;
		};
		BA4EC7DA2C9825AD00691EB5 /* Sources */ = {
			isa = PBXSourcesBuildPhase;
			buildActionMask = 2147483647;
			files = (
			);
			runOnlyForDeploymentPostprocessing = 0;
		};
		BA4EC7E92C98265300691EB5 /* Sources */ = {
			isa = PBXSourcesBuildPhase;
			buildActionMask = 2147483647;
			files = (
				BA4EC7F22C98265300691EB5 /* NavUITestsLaunchTests.swift in Sources */,
				BA4EC7F02C98265300691EB5 /* NavUITests.swift in Sources */,
			);
			runOnlyForDeploymentPostprocessing = 0;
		};
		BAC44BF82C9295760022DCA9 /* Sources */ = {
			isa = PBXSourcesBuildPhase;
			buildActionMask = 2147483647;
			files = (
				BA1518C52C932D0E00E74E51 /* Router.swift in Sources */,
				BAC44C022C9295760022DCA9 /* ContentView.swift in Sources */,
				BA8AF1952C93D74700EAB6EE /* TodoListView.swift in Sources */,
				BA1518C02C9326DF00E74E51 /* HGeo.swift in Sources */,
				BA4304802C93F0A00081F012 /* Nav.swift in Sources */,
				BAC44C002C9295760022DCA9 /* swift_playgroundApp.swift in Sources */,
			);
			runOnlyForDeploymentPostprocessing = 0;
		};
		BAC44C082C9295790022DCA9 /* Sources */ = {
			isa = PBXSourcesBuildPhase;
			buildActionMask = 2147483647;
			files = (
				BAC44C112C9295790022DCA9 /* swift_playgroundTests.swift in Sources */,
				BA1518C62C932D0E00E74E51 /* Router.swift in Sources */,
				BA1518C12C9326DF00E74E51 /* HGeo.swift in Sources */,
			);
			runOnlyForDeploymentPostprocessing = 0;
		};
		BAC44C122C9295790022DCA9 /* Sources */ = {
			isa = PBXSourcesBuildPhase;
			buildActionMask = 2147483647;
			files = (
				BA1518C72C932D0E00E74E51 /* Router.swift in Sources */,
				BAC44C1B2C9295790022DCA9 /* swift_playgroundUITests.swift in Sources */,
				BA1518C22C9326DF00E74E51 /* HGeo.swift in Sources */,
				BAC44C1D2C9295790022DCA9 /* swift_playgroundUITestsLaunchTests.swift in Sources */,
			);
			runOnlyForDeploymentPostprocessing = 0;
		};
/* End PBXSourcesBuildPhase section */

/* Begin PBXTargetDependency section */
		BA43048A2C93F1700081F012 /* PBXTargetDependency */ = {
			isa = PBXTargetDependency;
			target = BAC44BFB2C9295760022DCA9 /* swift_playground */;
			targetProxy = BA4304892C93F1700081F012 /* PBXContainerItemProxy */;
		};
		BA4EC7E52C9825AE00691EB5 /* PBXTargetDependency */ = {
			isa = PBXTargetDependency;
			target = BAC44BFB2C9295760022DCA9 /* swift_playground */;
			targetProxy = BA4EC7E42C9825AE00691EB5 /* PBXContainerItemProxy */;
		};
		BA4EC7F42C98265300691EB5 /* PBXTargetDependency */ = {
			isa = PBXTargetDependency;
			target = BAC44BFB2C9295760022DCA9 /* swift_playground */;
			targetProxy = BA4EC7F32C98265300691EB5 /* PBXContainerItemProxy */;
		};
		BAC44C0E2C9295790022DCA9 /* PBXTargetDependency */ = {
			isa = PBXTargetDependency;
			target = BAC44BFB2C9295760022DCA9 /* swift_playground */;
			targetProxy = BAC44C0D2C9295790022DCA9 /* PBXContainerItemProxy */;
		};
		BAC44C182C9295790022DCA9 /* PBXTargetDependency */ = {
			isa = PBXTargetDependency;
			target = BAC44BFB2C9295760022DCA9 /* swift_playground */;
			targetProxy = BAC44C172C9295790022DCA9 /* PBXContainerItemProxy */;
		};
/* End PBXTargetDependency section */

/* Begin XCBuildConfiguration section */
		BA43048C2C93F1700081F012 /* Debug */ = {
			isa = XCBuildConfiguration;
			buildSettings = {
				BUNDLE_LOADER = "$(TEST_HOST)";
				CODE_SIGN_STYLE = Automatic;
				CURRENT_PROJECT_VERSION = 1;
				DEVELOPMENT_TEAM = YAG3J28RRL;
				GENERATE_INFOPLIST_FILE = YES;
				MARKETING_VERSION = 1.0;
				PRODUCT_BUNDLE_IDENTIFIER = "io.o-henry.BTCtoUSDTests";
				PRODUCT_NAME = "$(TARGET_NAME)";
				SWIFT_EMIT_LOC_STRINGS = NO;
				SWIFT_VERSION = 5.0;
				TARGETED_DEVICE_FAMILY = "1,2";
				TEST_HOST = "$(BUILT_PRODUCTS_DIR)/swift_playground.app/$(BUNDLE_EXECUTABLE_FOLDER_PATH)/swift_playground";
			};
			name = Debug;
		};
		BA43048D2C93F1700081F012 /* Release */ = {
			isa = XCBuildConfiguration;
			buildSettings = {
				BUNDLE_LOADER = "$(TEST_HOST)";
				CODE_SIGN_STYLE = Automatic;
				CURRENT_PROJECT_VERSION = 1;
				DEVELOPMENT_TEAM = YAG3J28RRL;
				GENERATE_INFOPLIST_FILE = YES;
				MARKETING_VERSION = 1.0;
				PRODUCT_BUNDLE_IDENTIFIER = "io.o-henry.BTCtoUSDTests";
				PRODUCT_NAME = "$(TARGET_NAME)";
				SWIFT_EMIT_LOC_STRINGS = NO;
				SWIFT_VERSION = 5.0;
				TARGETED_DEVICE_FAMILY = "1,2";
				TEST_HOST = "$(BUILT_PRODUCTS_DIR)/swift_playground.app/$(BUNDLE_EXECUTABLE_FOLDER_PATH)/swift_playground";
			};
			name = Release;
		};
		BA4EC7E62C9825AE00691EB5 /* Debug */ = {
			isa = XCBuildConfiguration;
			buildSettings = {
				CODE_SIGN_STYLE = Automatic;
				CURRENT_PROJECT_VERSION = 1;
				DEVELOPMENT_TEAM = YAG3J28RRL;
				GENERATE_INFOPLIST_FILE = YES;
				MARKETING_VERSION = 1.0;
				PRODUCT_BUNDLE_IDENTIFIER = "io.o-henry.BtcUITests";
				PRODUCT_NAME = "$(TARGET_NAME)";
				SWIFT_EMIT_LOC_STRINGS = NO;
				SWIFT_VERSION = 5.0;
				TARGETED_DEVICE_FAMILY = "1,2";
				TEST_TARGET_NAME = swift_playground;
			};
			name = Debug;
		};
		BA4EC7E72C9825AE00691EB5 /* Release */ = {
			isa = XCBuildConfiguration;
			buildSettings = {
				CODE_SIGN_STYLE = Automatic;
				CURRENT_PROJECT_VERSION = 1;
				DEVELOPMENT_TEAM = YAG3J28RRL;
				GENERATE_INFOPLIST_FILE = YES;
				MARKETING_VERSION = 1.0;
				PRODUCT_BUNDLE_IDENTIFIER = "io.o-henry.BtcUITests";
				PRODUCT_NAME = "$(TARGET_NAME)";
				SWIFT_EMIT_LOC_STRINGS = NO;
				SWIFT_VERSION = 5.0;
				TARGETED_DEVICE_FAMILY = "1,2";
				TEST_TARGET_NAME = swift_playground;
			};
			name = Release;
		};
		BA4EC7F62C98265300691EB5 /* Debug */ = {
			isa = XCBuildConfiguration;
			buildSettings = {
				CODE_SIGN_STYLE = Automatic;
				CURRENT_PROJECT_VERSION = 1;
				DEVELOPMENT_TEAM = YAG3J28RRL;
				GENERATE_INFOPLIST_FILE = YES;
				MARKETING_VERSION = 1.0;
				PRODUCT_BUNDLE_IDENTIFIER = "io.o-henry.NavUITests";
				PRODUCT_NAME = "$(TARGET_NAME)";
				SWIFT_EMIT_LOC_STRINGS = NO;
				SWIFT_VERSION = 5.0;
				TARGETED_DEVICE_FAMILY = "1,2";
				TEST_TARGET_NAME = swift_playground;
			};
			name = Debug;
		};
		BA4EC7F72C98265300691EB5 /* Release */ = {
			isa = XCBuildConfiguration;
			buildSettings = {
				CODE_SIGN_STYLE = Automatic;
				CURRENT_PROJECT_VERSION = 1;
				DEVELOPMENT_TEAM = YAG3J28RRL;
				GENERATE_INFOPLIST_FILE = YES;
				MARKETING_VERSION = 1.0;
				PRODUCT_BUNDLE_IDENTIFIER = "io.o-henry.NavUITests";
				PRODUCT_NAME = "$(TARGET_NAME)";
				SWIFT_EMIT_LOC_STRINGS = NO;
				SWIFT_VERSION = 5.0;
				TARGETED_DEVICE_FAMILY = "1,2";
				TEST_TARGET_NAME = swift_playground;
			};
			name = Release;
		};
		BAC44C1E2C9295790022DCA9 /* Debug */ = {
			isa = XCBuildConfiguration;
			buildSettings = {
				ALWAYS_SEARCH_USER_PATHS = NO;
				ASSETCATALOG_COMPILER_GENERATE_SWIFT_ASSET_SYMBOL_EXTENSIONS = YES;
				CLANG_ANALYZER_NONNULL = YES;
				CLANG_ANALYZER_NUMBER_OBJECT_CONVERSION = YES_AGGRESSIVE;
				CLANG_CXX_LANGUAGE_STANDARD = "gnu++20";
				CLANG_ENABLE_MODULES = YES;
				CLANG_ENABLE_OBJC_ARC = YES;
				CLANG_ENABLE_OBJC_WEAK = YES;
				CLANG_WARN_BLOCK_CAPTURE_AUTORELEASING = YES;
				CLANG_WARN_BOOL_CONVERSION = YES;
				CLANG_WARN_COMMA = YES;
				CLANG_WARN_CONSTANT_CONVERSION = YES;
				CLANG_WARN_DEPRECATED_OBJC_IMPLEMENTATIONS = YES;
				CLANG_WARN_DIRECT_OBJC_ISA_USAGE = YES_ERROR;
				CLANG_WARN_DOCUMENTATION_COMMENTS = YES;
				CLANG_WARN_EMPTY_BODY = YES;
				CLANG_WARN_ENUM_CONVERSION = YES;
				CLANG_WARN_INFINITE_RECURSION = YES;
				CLANG_WARN_INT_CONVERSION = YES;
				CLANG_WARN_NON_LITERAL_NULL_CONVERSION = YES;
				CLANG_WARN_OBJC_IMPLICIT_RETAIN_SELF = YES;
				CLANG_WARN_OBJC_LITERAL_CONVERSION = YES;
				CLANG_WARN_OBJC_ROOT_CLASS = YES_ERROR;
				CLANG_WARN_QUOTED_INCLUDE_IN_FRAMEWORK_HEADER = YES;
				CLANG_WARN_RANGE_LOOP_ANALYSIS = YES;
				CLANG_WARN_STRICT_PROTOTYPES = YES;
				CLANG_WARN_SUSPICIOUS_MOVE = YES;
				CLANG_WARN_UNGUARDED_AVAILABILITY = YES_AGGRESSIVE;
				CLANG_WARN_UNREACHABLE_CODE = YES;
				CLANG_WARN__DUPLICATE_METHOD_MATCH = YES;
				COPY_PHASE_STRIP = NO;
				DEBUG_INFORMATION_FORMAT = dwarf;
				ENABLE_STRICT_OBJC_MSGSEND = YES;
				ENABLE_TESTABILITY = YES;
				ENABLE_USER_SCRIPT_SANDBOXING = YES;
				GCC_C_LANGUAGE_STANDARD = gnu17;
				GCC_DYNAMIC_NO_PIC = NO;
				GCC_NO_COMMON_BLOCKS = YES;
				GCC_OPTIMIZATION_LEVEL = 0;
				GCC_PREPROCESSOR_DEFINITIONS = (
					"DEBUG=1",
					"$(inherited)",
				);
				GCC_WARN_64_TO_32_BIT_CONVERSION = YES;
				GCC_WARN_ABOUT_RETURN_TYPE = YES_ERROR;
				GCC_WARN_UNDECLARED_SELECTOR = YES;
				GCC_WARN_UNINITIALIZED_AUTOS = YES_AGGRESSIVE;
				GCC_WARN_UNUSED_FUNCTION = YES;
				GCC_WARN_UNUSED_VARIABLE = YES;
				IPHONEOS_DEPLOYMENT_TARGET = 17.5;
				LOCALIZATION_PREFERS_STRING_CATALOGS = YES;
				MTL_ENABLE_DEBUG_INFO = INCLUDE_SOURCE;
				MTL_FAST_MATH = YES;
				ONLY_ACTIVE_ARCH = YES;
				SDKROOT = iphoneos;
				SWIFT_ACTIVE_COMPILATION_CONDITIONS = "DEBUG $(inherited)";
				SWIFT_OPTIMIZATION_LEVEL = "-Onone";
			};
			name = Debug;
		};
		BAC44C1F2C9295790022DCA9 /* Release */ = {
			isa = XCBuildConfiguration;
			buildSettings = {
				ALWAYS_SEARCH_USER_PATHS = NO;
				ASSETCATALOG_COMPILER_GENERATE_SWIFT_ASSET_SYMBOL_EXTENSIONS = YES;
				CLANG_ANALYZER_NONNULL = YES;
				CLANG_ANALYZER_NUMBER_OBJECT_CONVERSION = YES_AGGRESSIVE;
				CLANG_CXX_LANGUAGE_STANDARD = "gnu++20";
				CLANG_ENABLE_MODULES = YES;
				CLANG_ENABLE_OBJC_ARC = YES;
				CLANG_ENABLE_OBJC_WEAK = YES;
				CLANG_WARN_BLOCK_CAPTURE_AUTORELEASING = YES;
				CLANG_WARN_BOOL_CONVERSION = YES;
				CLANG_WARN_COMMA = YES;
				CLANG_WARN_CONSTANT_CONVERSION = YES;
				CLANG_WARN_DEPRECATED_OBJC_IMPLEMENTATIONS = YES;
				CLANG_WARN_DIRECT_OBJC_ISA_USAGE = YES_ERROR;
				CLANG_WARN_DOCUMENTATION_COMMENTS = YES;
				CLANG_WARN_EMPTY_BODY = YES;
				CLANG_WARN_ENUM_CONVERSION = YES;
				CLANG_WARN_INFINITE_RECURSION = YES;
				CLANG_WARN_INT_CONVERSION = YES;
				CLANG_WARN_NON_LITERAL_NULL_CONVERSION = YES;
				CLANG_WARN_OBJC_IMPLICIT_RETAIN_SELF = YES;
				CLANG_WARN_OBJC_LITERAL_CONVERSION = YES;
				CLANG_WARN_OBJC_ROOT_CLASS = YES_ERROR;
				CLANG_WARN_QUOTED_INCLUDE_IN_FRAMEWORK_HEADER = YES;
				CLANG_WARN_RANGE_LOOP_ANALYSIS = YES;
				CLANG_WARN_STRICT_PROTOTYPES = YES;
				CLANG_WARN_SUSPICIOUS_MOVE = YES;
				CLANG_WARN_UNGUARDED_AVAILABILITY = YES_AGGRESSIVE;
				CLANG_WARN_UNREACHABLE_CODE = YES;
				CLANG_WARN__DUPLICATE_METHOD_MATCH = YES;
				COPY_PHASE_STRIP = NO;
				DEBUG_INFORMATION_FORMAT = "dwarf-with-dsym";
				ENABLE_NS_ASSERTIONS = NO;
				ENABLE_STRICT_OBJC_MSGSEND = YES;
				ENABLE_USER_SCRIPT_SANDBOXING = YES;
				GCC_C_LANGUAGE_STANDARD = gnu17;
				GCC_NO_COMMON_BLOCKS = YES;
				GCC_WARN_64_TO_32_BIT_CONVERSION = YES;
				GCC_WARN_ABOUT_RETURN_TYPE = YES_ERROR;
				GCC_WARN_UNDECLARED_SELECTOR = YES;
				GCC_WARN_UNINITIALIZED_AUTOS = YES_AGGRESSIVE;
				GCC_WARN_UNUSED_FUNCTION = YES;
				GCC_WARN_UNUSED_VARIABLE = YES;
				IPHONEOS_DEPLOYMENT_TARGET = 17.5;
				LOCALIZATION_PREFERS_STRING_CATALOGS = YES;
				MTL_ENABLE_DEBUG_INFO = NO;
				MTL_FAST_MATH = YES;
				SDKROOT = iphoneos;
				SWIFT_COMPILATION_MODE = wholemodule;
				VALIDATE_PRODUCT = YES;
			};
			name = Release;
		};
		BAC44C212C9295790022DCA9 /* Debug */ = {
			isa = XCBuildConfiguration;
			buildSettings = {
				ASSETCATALOG_COMPILER_APPICON_NAME = AppIcon;
				ASSETCATALOG_COMPILER_GLOBAL_ACCENT_COLOR_NAME = AccentColor;
				CODE_SIGN_STYLE = Automatic;
				CURRENT_PROJECT_VERSION = 1;
				DEVELOPMENT_ASSET_PATHS = "\"swift_playground/Preview Content\"";
				DEVELOPMENT_TEAM = YAG3J28RRL;
				ENABLE_PREVIEWS = YES;
				GENERATE_INFOPLIST_FILE = YES;
				INFOPLIST_KEY_UIApplicationSceneManifest_Generation = YES;
				INFOPLIST_KEY_UIApplicationSupportsIndirectInputEvents = YES;
				INFOPLIST_KEY_UILaunchScreen_Generation = YES;
				INFOPLIST_KEY_UISupportedInterfaceOrientations_iPad = "UIInterfaceOrientationPortrait UIInterfaceOrientationPortraitUpsideDown UIInterfaceOrientationLandscapeLeft UIInterfaceOrientationLandscapeRight";
				INFOPLIST_KEY_UISupportedInterfaceOrientations_iPhone = "UIInterfaceOrientationPortrait UIInterfaceOrientationLandscapeLeft UIInterfaceOrientationLandscapeRight";
				LD_RUNPATH_SEARCH_PATHS = (
					"$(inherited)",
					"@executable_path/Frameworks",
				);
				MARKETING_VERSION = 1.0;
				PRODUCT_BUNDLE_IDENTIFIER = "io.o-henry.swift-playground";
				PRODUCT_NAME = "$(TARGET_NAME)";
				SWIFT_EMIT_LOC_STRINGS = YES;
				SWIFT_VERSION = 5.0;
				TARGETED_DEVICE_FAMILY = "1,2";
			};
			name = Debug;
		};
		BAC44C222C9295790022DCA9 /* Release */ = {
			isa = XCBuildConfiguration;
			buildSettings = {
				ASSETCATALOG_COMPILER_APPICON_NAME = AppIcon;
				ASSETCATALOG_COMPILER_GLOBAL_ACCENT_COLOR_NAME = AccentColor;
				CODE_SIGN_STYLE = Automatic;
				CURRENT_PROJECT_VERSION = 1;
				DEVELOPMENT_ASSET_PATHS = "\"swift_playground/Preview Content\"";
				DEVELOPMENT_TEAM = YAG3J28RRL;
				ENABLE_PREVIEWS = YES;
				GENERATE_INFOPLIST_FILE = YES;
				INFOPLIST_KEY_UIApplicationSceneManifest_Generation = YES;
				INFOPLIST_KEY_UIApplicationSupportsIndirectInputEvents = YES;
				INFOPLIST_KEY_UILaunchScreen_Generation = YES;
				INFOPLIST_KEY_UISupportedInterfaceOrientations_iPad = "UIInterfaceOrientationPortrait UIInterfaceOrientationPortraitUpsideDown UIInterfaceOrientationLandscapeLeft UIInterfaceOrientationLandscapeRight";
				INFOPLIST_KEY_UISupportedInterfaceOrientations_iPhone = "UIInterfaceOrientationPortrait UIInterfaceOrientationLandscapeLeft UIInterfaceOrientationLandscapeRight";
				LD_RUNPATH_SEARCH_PATHS = (
					"$(inherited)",
					"@executable_path/Frameworks",
				);
				MARKETING_VERSION = 1.0;
				PRODUCT_BUNDLE_IDENTIFIER = "io.o-henry.swift-playground";
				PRODUCT_NAME = "$(TARGET_NAME)";
				SWIFT_EMIT_LOC_STRINGS = YES;
				SWIFT_VERSION = 5.0;
				TARGETED_DEVICE_FAMILY = "1,2";
			};
			name = Release;
		};
		BAC44C242C9295790022DCA9 /* Debug */ = {
			isa = XCBuildConfiguration;
			buildSettings = {
				ALWAYS_EMBED_SWIFT_STANDARD_LIBRARIES = YES;
				BUNDLE_LOADER = "$(TEST_HOST)";
				CODE_SIGN_STYLE = Automatic;
				CURRENT_PROJECT_VERSION = 1;
				DEVELOPMENT_TEAM = YAG3J28RRL;
				GENERATE_INFOPLIST_FILE = YES;
				IPHONEOS_DEPLOYMENT_TARGET = 17.5;
				MARKETING_VERSION = 1.0;
				PRODUCT_BUNDLE_IDENTIFIER = "io.o-henry.swift-playgroundTests";
				PRODUCT_NAME = "$(TARGET_NAME)";
				SWIFT_EMIT_LOC_STRINGS = NO;
				SWIFT_VERSION = 5.0;
				TARGETED_DEVICE_FAMILY = "1,2";
				TEST_HOST = "$(BUILT_PRODUCTS_DIR)/swift_playground.app/$(BUNDLE_EXECUTABLE_FOLDER_PATH)/swift_playground";
			};
			name = Debug;
		};
		BAC44C252C9295790022DCA9 /* Release */ = {
			isa = XCBuildConfiguration;
			buildSettings = {
				ALWAYS_EMBED_SWIFT_STANDARD_LIBRARIES = YES;
				BUNDLE_LOADER = "$(TEST_HOST)";
				CODE_SIGN_STYLE = Automatic;
				CURRENT_PROJECT_VERSION = 1;
				DEVELOPMENT_TEAM = YAG3J28RRL;
				GENERATE_INFOPLIST_FILE = YES;
				IPHONEOS_DEPLOYMENT_TARGET = 17.5;
				MARKETING_VERSION = 1.0;
				PRODUCT_BUNDLE_IDENTIFIER = "io.o-henry.swift-playgroundTests";
				PRODUCT_NAME = "$(TARGET_NAME)";
				SWIFT_EMIT_LOC_STRINGS = NO;
				SWIFT_VERSION = 5.0;
				TARGETED_DEVICE_FAMILY = "1,2";
				TEST_HOST = "$(BUILT_PRODUCTS_DIR)/swift_playground.app/$(BUNDLE_EXECUTABLE_FOLDER_PATH)/swift_playground";
			};
			name = Release;
		};
		BAC44C272C9295790022DCA9 /* Debug */ = {
			isa = XCBuildConfiguration;
			buildSettings = {
				ALWAYS_EMBED_SWIFT_STANDARD_LIBRARIES = YES;
				CODE_SIGN_STYLE = Automatic;
				CURRENT_PROJECT_VERSION = 1;
				DEVELOPMENT_TEAM = YAG3J28RRL;
				GENERATE_INFOPLIST_FILE = YES;
				MARKETING_VERSION = 1.0;
				PRODUCT_BUNDLE_IDENTIFIER = "io.o-henry.swift-playgroundUITests";
				PRODUCT_NAME = "$(TARGET_NAME)";
				SWIFT_EMIT_LOC_STRINGS = NO;
				SWIFT_VERSION = 5.0;
				TARGETED_DEVICE_FAMILY = "1,2";
				TEST_TARGET_NAME = swift_playground;
			};
			name = Debug;
		};
		BAC44C282C9295790022DCA9 /* Release */ = {
			isa = XCBuildConfiguration;
			buildSettings = {
				ALWAYS_EMBED_SWIFT_STANDARD_LIBRARIES = YES;
				CODE_SIGN_STYLE = Automatic;
				CURRENT_PROJECT_VERSION = 1;
				DEVELOPMENT_TEAM = YAG3J28RRL;
				GENERATE_INFOPLIST_FILE = YES;
				MARKETING_VERSION = 1.0;
				PRODUCT_BUNDLE_IDENTIFIER = "io.o-henry.swift-playgroundUITests";
				PRODUCT_NAME = "$(TARGET_NAME)";
				SWIFT_EMIT_LOC_STRINGS = NO;
				SWIFT_VERSION = 5.0;
				TARGETED_DEVICE_FAMILY = "1,2";
				TEST_TARGET_NAME = swift_playground;
			};
			name = Release;
		};
/* End XCBuildConfiguration section */

/* Begin XCConfigurationList section */
		BA43048B2C93F1700081F012 /* Build configuration list for PBXNativeTarget "BTCtoUSDTests" */ = {
			isa = XCConfigurationList;
			buildConfigurations = (
				BA43048C2C93F1700081F012 /* Debug */,
				BA43048D2C93F1700081F012 /* Release */,
			);
			defaultConfigurationIsVisible = 0;
			defaultConfigurationName = Release;
		};
		BA4EC7E82C9825AE00691EB5 /* Build configuration list for PBXNativeTarget "BtcUITests" */ = {
			isa = XCConfigurationList;
			buildConfigurations = (
				BA4EC7E62C9825AE00691EB5 /* Debug */,
				BA4EC7E72C9825AE00691EB5 /* Release */,
			);
			defaultConfigurationIsVisible = 0;
			defaultConfigurationName = Release;
		};
		BA4EC7F52C98265300691EB5 /* Build configuration list for PBXNativeTarget "NavUITests" */ = {
			isa = XCConfigurationList;
			buildConfigurations = (
				BA4EC7F62C98265300691EB5 /* Debug */,
				BA4EC7F72C98265300691EB5 /* Release */,
			);
			defaultConfigurationIsVisible = 0;
			defaultConfigurationName = Release;
		};
		BAC44BF72C9295760022DCA9 /* Build configuration list for PBXProject "swift_playground" */ = {
			isa = XCConfigurationList;
			buildConfigurations = (
				BAC44C1E2C9295790022DCA9 /* Debug */,
				BAC44C1F2C9295790022DCA9 /* Release */,
			);
			defaultConfigurationIsVisible = 0;
			defaultConfigurationName = Release;
		};
		BAC44C202C9295790022DCA9 /* Build configuration list for PBXNativeTarget "swift_playground" */ = {
			isa = XCConfigurationList;
			buildConfigurations = (
				BAC44C212C9295790022DCA9 /* Debug */,
				BAC44C222C9295790022DCA9 /* Release */,
			);
			defaultConfigurationIsVisible = 0;
			defaultConfigurationName = Release;
		};
		BAC44C232C9295790022DCA9 /* Build configuration list for PBXNativeTarget "swift_playgroundTests" */ = {
			isa = XCConfigurationList;
			buildConfigurations = (
				BAC44C242C9295790022DCA9 /* Debug */,
				BAC44C252C9295790022DCA9 /* Release */,
			);
			defaultConfigurationIsVisible = 0;
			defaultConfigurationName = Release;
		};
		BAC44C262C9295790022DCA9 /* Build configuration list for PBXNativeTarget "swift_playgroundUITests" */ = {
			isa = XCConfigurationList;
			buildConfigurations = (
				BAC44C272C9295790022DCA9 /* Debug */,
				BAC44C282C9295790022DCA9 /* Release */,
			);
			defaultConfigurationIsVisible = 0;
			defaultConfigurationName = Release;
		};
/* End XCConfigurationList section */
	};
	rootObject = BAC44BF42C9295760022DCA9 /* Project object */;
}
